
Microsoft Visual Studio Solution File, Format Version 12.00
# Visual Studio Version 17
VisualStudioVersion = 17.8.34316.72
MinimumVisualStudioVersion = 10.0.40219.1
Project("{FAE04EC0-301F-11D3-BF4B-00C04F79EFBC}") = "DockerFirstAPI", "DockerFirstAPI\DockerFirstAPI.csproj", "{A35F0255-D468-46B4-B1ED-4D244CD3FBDF}"
EndProject
Project("{2150E333-8FDC-42A3-9474-1A3956D46DE8}") = "First", "First", "{DAB13F38-E11B-4693-9796-FC50CA43D602}"
EndProject
Project("{FAE04EC0-301F-11D3-BF4B-00C04F79EFBC}") = "ClassLibrary1", "ClassLibrary1\ClassLibrary1.csproj", "{A5832CFC-250B-4E92-8B32-CCA1D524DB68}"
EndProject
Project("{FAE04EC0-301F-11D3-BF4B-00C04F79EFBC}") = "ClassLibrary2", "ClassLibrary2\ClassLibrary2.csproj", "{41294593-CAE8-4DF1-A73E-EB3EB8A47C7A}"
EndProject
Project("{FAE04EC0-301F-11D3-BF4B-00C04F79EFBC}") = "ClassLibrary3", "ClassLibrary3\ClassLibrary3.csproj", "{6BE755D0-2CEF-4281-BFD4-50A2F639E4E0}"
EndProject
Project("{2150E333-8FDC-42A3-9474-1A3956D46DE8}") = "Second", "Second", "{C8710C52-4E35-4525-B1DD-9464D3EC1C77}"
EndProject
Project("{FAE04EC0-301F-11D3-BF4B-00C04F79EFBC}") = "DockerSecondAPI", "DockerSecondAPI\DockerSecondAPI.csproj", "{D4990CE7-36A9-4829-936C-CD77FF0CFE47}"
EndProject
Project("{FAE04EC0-301F-11D3-BF4B-00C04F79EFBC}") = "ClassLibrary4", "ClassLibrary4\ClassLibrary4.csproj", "{8E5C978F-8533-4945-97C1-0C6B7EFE457D}"
EndProject
Project("{FAE04EC0-301F-11D3-BF4B-00C04F79EFBC}") = "ClassLibrary5", "ClassLibrary5\ClassLibrary5.csproj", "{D675824E-F52B-4D85-B85F-0E9E8890B36E}"
EndProject
Project("{FAE04EC0-301F-11D3-BF4B-00C04F79EFBC}") = "ClassLibrary6", "ClassLibrary6\ClassLibrary6.csproj", "{D1002951-F211-4653-A77E-4BBE78AB8316}"
EndProject
Project("{2150E333-8FDC-42A3-9474-1A3956D46DE8}") = "Third", "Third", "{FCE00D44-B0F2-4E46-936C-08630B64BD67}"
EndProject
Project("{FAE04EC0-301F-11D3-BF4B-00C04F79EFBC}") = "DockerThirdAPI", "DockerThirdAPI\DockerThirdAPI.csproj", "{82292D67-DB8E-4BC6-AB82-94D2F1B87F9A}"
EndProject
Project("{FAE04EC0-301F-11D3-BF4B-00C04F79EFBC}") = "ClassLibrary7", "ClassLibrary7\ClassLibrary7.csproj", "{5257B91A-C3EC-4222-90B7-7D661BA7F563}"
EndProject
Project("{FAE04EC0-301F-11D3-BF4B-00C04F79EFBC}") = "ClassLibrary8", "ClassLibrary8\ClassLibrary8.csproj", "{6CF961DF-6E45-459B-AF58-06E0F999B13D}"
EndProject
Project("{FAE04EC0-301F-11D3-BF4B-00C04F79EFBC}") = "ClassLibrary9", "ClassLibrary9\ClassLibrary9.csproj", "{9F143BA5-9092-4315-8F6A-428CFB10BCE6}"
EndProject
Project("{2150E333-8FDC-42A3-9474-1A3956D46DE8}") = "Four", "Four", "{B123422A-1473-4A98-B917-A243E5CB0587}"
EndProject
Project("{FAE04EC0-301F-11D3-BF4B-00C04F79EFBC}") = "DockerFourAPI", "DockerFourAPI\DockerFourAPI.csproj", "{144B7F08-8712-40F4-9C3F-60DF17E57BB2}"
EndProject
Project("{FAE04EC0-301F-11D3-BF4B-00C04F79EFBC}") = "ClassLibrary10", "ClassLibrary10\ClassLibrary10.csproj", "{26E0210E-6655-432E-BEF2-E3BD3EE45051}"
EndProject
Project("{FAE04EC0-301F-11D3-BF4B-00C04F79EFBC}") = "ClassLibrary11", "ClassLibrary11\ClassLibrary11.csproj", "{00B4FB71-6220-49D6-89AD-A73216AC9949}"
EndProject
Project("{FAE04EC0-301F-11D3-BF4B-00C04F79EFBC}") = "ClassLibrary12", "ClassLibrary12\ClassLibrary12.csproj", "{694ABE02-3A94-46DD-9E1E-A8D94F78D7D0}"
EndProject
Global
	GlobalSection(SolutionConfigurationPlatforms) = preSolution
		Debug|Any CPU = Debug|Any CPU
		Release|Any CPU = Release|Any CPU
	EndGlobalSection
	GlobalSection(ProjectConfigurationPlatforms) = postSolution
		{A35F0255-D468-46B4-B1ED-4D244CD3FBDF}.Debug|Any CPU.ActiveCfg = Debug|Any CPU
		{A35F0255-D468-46B4-B1ED-4D244CD3FBDF}.Debug|Any CPU.Build.0 = Debug|Any CPU
		{A35F0255-D468-46B4-B1ED-4D244CD3FBDF}.Release|Any CPU.ActiveCfg = Release|Any CPU
		{A35F0255-D468-46B4-B1ED-4D244CD3FBDF}.Release|Any CPU.Build.0 = Release|Any CPU
		{A5832CFC-250B-4E92-8B32-CCA1D524DB68}.Debug|Any CPU.ActiveCfg = Debug|Any CPU
		{A5832CFC-250B-4E92-8B32-CCA1D524DB68}.Debug|Any CPU.Build.0 = Debug|Any CPU
		{A5832CFC-250B-4E92-8B32-CCA1D524DB68}.Release|Any CPU.ActiveCfg = Release|Any CPU
		{A5832CFC-250B-4E92-8B32-CCA1D524DB68}.Release|Any CPU.Build.0 = Release|Any CPU
		{41294593-CAE8-4DF1-A73E-EB3EB8A47C7A}.Debug|Any CPU.ActiveCfg = Debug|Any CPU
		{41294593-CAE8-4DF1-A73E-EB3EB8A47C7A}.Debug|Any CPU.Build.0 = Debug|Any CPU
		{41294593-CAE8-4DF1-A73E-EB3EB8A47C7A}.Release|Any CPU.ActiveCfg = Release|Any CPU
		{41294593-CAE8-4DF1-A73E-EB3EB8A47C7A}.Release|Any CPU.Build.0 = Release|Any CPU
		{6BE755D0-2CEF-4281-BFD4-50A2F639E4E0}.Debug|Any CPU.ActiveCfg = Debug|Any CPU
		{6BE755D0-2CEF-4281-BFD4-50A2F639E4E0}.Debug|Any CPU.Build.0 = Debug|Any CPU
		{6BE755D0-2CEF-4281-BFD4-50A2F639E4E0}.Release|Any CPU.ActiveCfg = Release|Any CPU
		{6BE755D0-2CEF-4281-BFD4-50A2F639E4E0}.Release|Any CPU.Build.0 = Release|Any CPU
		{D4990CE7-36A9-4829-936C-CD77FF0CFE47}.Debug|Any CPU.ActiveCfg = Debug|Any CPU
		{D4990CE7-36A9-4829-936C-CD77FF0CFE47}.Debug|Any CPU.Build.0 = Debug|Any CPU
		{D4990CE7-36A9-4829-936C-CD77FF0CFE47}.Release|Any CPU.ActiveCfg = Release|Any CPU
		{D4990CE7-36A9-4829-936C-CD77FF0CFE47}.Release|Any CPU.Build.0 = Release|Any CPU
		{8E5C978F-8533-4945-97C1-0C6B7EFE457D}.Debug|Any CPU.ActiveCfg = Debug|Any CPU
		{8E5C978F-8533-4945-97C1-0C6B7EFE457D}.Debug|Any CPU.Build.0 = Debug|Any CPU
		{8E5C978F-8533-4945-97C1-0C6B7EFE457D}.Release|Any CPU.ActiveCfg = Release|Any CPU
		{8E5C978F-8533-4945-97C1-0C6B7EFE457D}.Release|Any CPU.Build.0 = Release|Any CPU
		{D675824E-F52B-4D85-B85F-0E9E8890B36E}.Debug|Any CPU.ActiveCfg = Debug|Any CPU
		{D675824E-F52B-4D85-B85F-0E9E8890B36E}.Debug|Any CPU.Build.0 = Debug|Any CPU
		{D675824E-F52B-4D85-B85F-0E9E8890B36E}.Release|Any CPU.ActiveCfg = Release|Any CPU
		{D675824E-F52B-4D85-B85F-0E9E8890B36E}.Release|Any CPU.Build.0 = Release|Any CPU
		{D1002951-F211-4653-A77E-4BBE78AB8316}.Debug|Any CPU.ActiveCfg = Debug|Any CPU
		{D1002951-F211-4653-A77E-4BBE78AB8316}.Debug|Any CPU.Build.0 = Debug|Any CPU
		{D1002951-F211-4653-A77E-4BBE78AB8316}.Release|Any CPU.ActiveCfg = Release|Any CPU
		{D1002951-F211-4653-A77E-4BBE78AB8316}.Release|Any CPU.Build.0 = Release|Any CPU
		{82292D67-DB8E-4BC6-AB82-94D2F1B87F9A}.Debug|Any CPU.ActiveCfg = Debug|Any CPU
		{82292D67-DB8E-4BC6-AB82-94D2F1B87F9A}.Debug|Any CPU.Build.0 = Debug|Any CPU
		{82292D67-DB8E-4BC6-AB82-94D2F1B87F9A}.Release|Any CPU.ActiveCfg = Release|Any CPU
		{82292D67-DB8E-4BC6-AB82-94D2F1B87F9A}.Release|Any CPU.Build.0 = Release|Any CPU
		{5257B91A-C3EC-4222-90B7-7D661BA7F563}.Debug|Any CPU.ActiveCfg = Debug|Any CPU
		{5257B91A-C3EC-4222-90B7-7D661BA7F563}.Debug|Any CPU.Build.0 = Debug|Any CPU
		{5257B91A-C3EC-4222-90B7-7D661BA7F563}.Release|Any CPU.ActiveCfg = Release|Any CPU
		{5257B91A-C3EC-4222-90B7-7D661BA7F563}.Release|Any CPU.Build.0 = Release|Any CPU
		{6CF961DF-6E45-459B-AF58-06E0F999B13D}.Debug|Any CPU.ActiveCfg = Debug|Any CPU
		{6CF961DF-6E45-459B-AF58-06E0F999B13D}.Debug|Any CPU.Build.0 = Debug|Any CPU
		{6CF961DF-6E45-459B-AF58-06E0F999B13D}.Release|Any CPU.ActiveCfg = Release|Any CPU
		{6CF961DF-6E45-459B-AF58-06E0F999B13D}.Release|Any CPU.Build.0 = Release|Any CPU
		{9F143BA5-9092-4315-8F6A-428CFB10BCE6}.Debug|Any CPU.ActiveCfg = Debug|Any CPU
		{9F143BA5-9092-4315-8F6A-428CFB10BCE6}.Debug|Any CPU.Build.0 = Debug|Any CPU
		{9F143BA5-9092-4315-8F6A-428CFB10BCE6}.Release|Any CPU.ActiveCfg = Release|Any CPU
		{9F143BA5-9092-4315-8F6A-428CFB10BCE6}.Release|Any CPU.Build.0 = Release|Any CPU
		{144B7F08-8712-40F4-9C3F-60DF17E57BB2}.Debug|Any CPU.ActiveCfg = Debug|Any CPU
		{144B7F08-8712-40F4-9C3F-60DF17E57BB2}.Debug|Any CPU.Build.0 = Debug|Any CPU
		{144B7F08-8712-40F4-9C3F-60DF17E57BB2}.Release|Any CPU.ActiveCfg = Release|Any CPU
		{144B7F08-8712-40F4-9C3F-60DF17E57BB2}.Release|Any CPU.Build.0 = Release|Any CPU
		{26E0210E-6655-432E-BEF2-E3BD3EE45051}.Debug|Any CPU.ActiveCfg = Debug|Any CPU
		{26E0210E-6655-432E-BEF2-E3BD3EE45051}.Debug|Any CPU.Build.0 = Debug|Any CPU
		{26E0210E-6655-432E-BEF2-E3BD3EE45051}.Release|Any CPU.ActiveCfg = Release|Any CPU
		{26E0210E-6655-432E-BEF2-E3BD3EE45051}.Release|Any CPU.Build.0 = Release|Any CPU
		{00B4FB71-6220-49D6-89AD-A73216AC9949}.Debug|Any CPU.ActiveCfg = Debug|Any CPU
		{00B4FB71-6220-49D6-89AD-A73216AC9949}.Debug|Any CPU.Build.0 = Debug|Any CPU
		{00B4FB71-6220-49D6-89AD-A73216AC9949}.Release|Any CPU.ActiveCfg = Release|Any CPU
		{00B4FB71-6220-49D6-89AD-A73216AC9949}.Release|Any CPU.Build.0 = Release|Any CPU
		{694ABE02-3A94-46DD-9E1E-A8D94F78D7D0}.Debug|Any CPU.ActiveCfg = Debug|Any CPU
		{694ABE02-3A94-46DD-9E1E-A8D94F78D7D0}.Debug|Any CPU.Build.0 = Debug|Any CPU
		{694ABE02-3A94-46DD-9E1E-A8D94F78D7D0}.Release|Any CPU.ActiveCfg = Release|Any CPU
		{694ABE02-3A94-46DD-9E1E-A8D94F78D7D0}.Release|Any CPU.Build.0 = Release|Any CPU
	EndGlobalSection
	GlobalSection(SolutionProperties) = preSolution
		HideSolutionNode = FALSE
	EndGlobalSection
	GlobalSection(NestedProjects) = preSolution
		{A35F0255-D468-46B4-B1ED-4D244CD3FBDF} = {DAB13F38-E11B-4693-9796-FC50CA43D602}
		{A5832CFC-250B-4E92-8B32-CCA1D524DB68} = {DAB13F38-E11B-4693-9796-FC50CA43D602}
		{41294593-CAE8-4DF1-A73E-EB3EB8A47C7A} = {DAB13F38-E11B-4693-9796-FC50CA43D602}
		{6BE755D0-2CEF-4281-BFD4-50A2F639E4E0} = {DAB13F38-E11B-4693-9796-FC50CA43D602}
		{D4990CE7-36A9-4829-936C-CD77FF0CFE47} = {C8710C52-4E35-4525-B1DD-9464D3EC1C77}
		{8E5C978F-8533-4945-97C1-0C6B7EFE457D} = {C8710C52-4E35-4525-B1DD-9464D3EC1C77}
		{D675824E-F52B-4D85-B85F-0E9E8890B36E} = {C8710C52-4E35-4525-B1DD-9464D3EC1C77}
		{D1002951-F211-4653-A77E-4BBE78AB8316} = {C8710C52-4E35-4525-B1DD-9464D3EC1C77}
		{82292D67-DB8E-4BC6-AB82-94D2F1B87F9A} = {FCE00D44-B0F2-4E46-936C-08630B64BD67}
		{5257B91A-C3EC-4222-90B7-7D661BA7F563} = {FCE00D44-B0F2-4E46-936C-08630B64BD67}
		{6CF961DF-6E45-459B-AF58-06E0F999B13D} = {FCE00D44-B0F2-4E46-936C-08630B64BD67}
		{9F143BA5-9092-4315-8F6A-428CFB10BCE6} = {FCE00D44-B0F2-4E46-936C-08630B64BD67}
		{144B7F08-8712-40F4-9C3F-60DF17E57BB2} = {B123422A-1473-4A98-B917-A243E5CB0587}
		{26E0210E-6655-432E-BEF2-E3BD3EE45051} = {B123422A-1473-4A98-B917-A243E5CB0587}
		{00B4FB71-6220-49D6-89AD-A73216AC9949} = {B123422A-1473-4A98-B917-A243E5CB0587}
		{694ABE02-3A94-46DD-9E1E-A8D94F78D7D0} = {B123422A-1473-4A98-B917-A243E5CB0587}
	EndGlobalSection
	GlobalSection(ExtensibilityGlobals) = postSolution
		SolutionGuid = {F6E6218C-3D0E-49CF-A348-B9B22A2EFAF9}
	EndGlobalSection
EndGlobal
